{
  "name": "mud-project",
  "version": "1.0.0",
  "lockfileVersion": 2,
  "requires": True,
  "packages": {
    "": {
      "name": "mud-project",
      "version": "1.0.0",
      "dependencies": {
        "eslint": "^8.50.0",
        "prettier": "^3.0.0"
      }
    },
    "node_modules/eslint": {
      "version": "8.50.0",
      "resolved": "https://registry.npmjs.org/eslint/-/eslint-8.50.0.tgz",
      "integrity": "sha512-placeholder-integrity-for-eslint",
      "dev": True
    },
    "node_modules/prettier": {
      "version": "3.0.0",
      "resolved": "https://registry.npmjs.org/prettier/-/prettier-3.0.0.tgz",
      "integrity": "sha512-placeholder-integrity-for-prettier",
      "dev": True
    }
  },
  "dependencies": {
    "eslint": {
      "version": "8.50.0",
      "resolved": "https://registry.npmjs.org/eslint/-/eslint-8.50.0.tgz",
      "integrity": "sha512-placeholder-integrity-for-eslint",
      "dev": True
    },
    "prettier": {
      "version": "3.0.0",
          "resolved": "https://registry.npmjs.org/prettier/-/prettier-3.0.0.tgz",
          "integrity": "sha512-placeholder-integrity-for-prettier",
          "dev": True
        }
  }
}
